// !$*UTF8*$!
{
	archiveVersion = 1;
	classes = {
	};
	objectVersion = 56;
	objects = {

/* Begin PBXBuildFile section */
		1A1FDF2B2A09546B00663FA1 /* AppDelegate.swift in Sources */ = {isa = PBXBuildFile; fileRef = 1A1FDF2A2A09546B00663FA1 /* AppDelegate.swift */; };
		1A1FDF2D2A09546B00663FA1 /* SceneDelegate.swift in Sources */ = {isa = PBXBuildFile; fileRef = 1A1FDF2C2A09546B00663FA1 /* SceneDelegate.swift */; };
		1A1FDF2F2A09546B00663FA1 /* ViewController.swift in Sources */ = {isa = PBXBuildFile; fileRef = 1A1FDF2E2A09546B00663FA1 /* ViewController.swift */; };
		1A1FDF342A09546D00663FA1 /* Assets.xcassets in Resources */ = {isa = PBXBuildFile; fileRef = 1A1FDF332A09546D00663FA1 /* Assets.xcassets */; };
		1A1FDF372A09546D00663FA1 /* LaunchScreen.storyboard in Resources */ = {isa = PBXBuildFile; fileRef = 1A1FDF352A09546D00663FA1 /* LaunchScreen.storyboard */; };
		1A1FDF422A09546D00663FA1 /* CalculatorTests.swift in Sources */ = {isa = PBXBuildFile; fileRef = 1A1FDF412A09546D00663FA1 /* CalculatorTests.swift */; };
		1A1FDF4C2A09546D00663FA1 /* CalculatorUITests.swift in Sources */ = {isa = PBXBuildFile; fileRef = 1A1FDF4B2A09546D00663FA1 /* CalculatorUITests.swift */; };
		1A1FDF4E2A09546D00663FA1 /* CalculatorUITestsLaunchTests.swift in Sources */ = {isa = PBXBuildFile; fileRef = 1A1FDF4D2A09546D00663FA1 /* CalculatorUITestsLaunchTests.swift */; };
		1A1FDF632A09580600663FA1 /* Resources.swift in Sources */ = {isa = PBXBuildFile; fileRef = 1A1FDF622A09580600663FA1 /* Resources.swift */; };
		1A1FDF6B2A097C3200663FA1 /* Main.storyboard in Resources */ = {isa = PBXBuildFile; fileRef = 1A1FDF6A2A097C3200663FA1 /* Main.storyboard */; };
		1A1FDF742A098B9500663FA1 /* ViewModel.swift in Sources */ = {isa = PBXBuildFile; fileRef = 1A1FDF732A098B9500663FA1 /* ViewModel.swift */; };
		1A1FDF772A098C0A00663FA1 /* UILabel+SaveText.swift in Sources */ = {isa = PBXBuildFile; fileRef = 1A1FDF762A098C0A00663FA1 /* UILabel+SaveText.swift */; };
		1A1FDF7B2A09942600663FA1 /* SaveData.swift in Sources */ = {isa = PBXBuildFile; fileRef = 1A1FDF7A2A09942600663FA1 /* SaveData.swift */; };
		1A1FDF7D2A09944800663FA1 /* CurrentData.swift in Sources */ = {isa = PBXBuildFile; fileRef = 1A1FDF7C2A09944800663FA1 /* CurrentData.swift */; };
		1A1FDF7F2A09949000663FA1 /* CurrencyEntity.swift in Sources */ = {isa = PBXBuildFile; fileRef = 1A1FDF7E2A09949000663FA1 /* CurrencyEntity.swift */; };
		1A1FDF812A0994CD00663FA1 /* NetworkManager.swift in Sources */ = {isa = PBXBuildFile; fileRef = 1A1FDF802A0994CD00663FA1 /* NetworkManager.swift */; };
		1A1FDF842A0A0BCA00663FA1 /* MultiCurrencySelectionButton.swift in Sources */ = {isa = PBXBuildFile; fileRef = 1A1FDF832A0A0BCA00663FA1 /* MultiCurrencySelectionButton.swift */; };
		1A1FDF862A0A2C6300663FA1 /* Localizable.strings in Resources */ = {isa = PBXBuildFile; fileRef = 1A1FDF852A0A2C6300663FA1 /* Localizable.strings */; };
		1A1FDF892A0A38B800663FA1 /* CrossCourseView.swift in Sources */ = {isa = PBXBuildFile; fileRef = 1A1FDF882A0A38B800663FA1 /* CrossCourseView.swift */; };
		1A1FDF8D2A0A3AA600663FA1 /* ItemView.swift in Sources */ = {isa = PBXBuildFile; fileRef = 1A1FDF8C2A0A3AA600663FA1 /* ItemView.swift */; };
		1A1FDF8F2A0A3AF700663FA1 /* PickerDataSource.swift in Sources */ = {isa = PBXBuildFile; fileRef = 1A1FDF8E2A0A3AF700663FA1 /* PickerDataSource.swift */; };
		1A2D447E2AFA5E2A00C190C4 /* GoogleService-Info.plist in Resources */ = {isa = PBXBuildFile; fileRef = 1A2D447D2AFA5E2A00C190C4 /* GoogleService-Info.plist */; };
		1A2D44812AFA631C00C190C4 /* FirebaseAnalytics in Frameworks */ = {isa = PBXBuildFile; productRef = 1A2D44802AFA631C00C190C4 /* FirebaseAnalytics */; };
		1A2D44832AFA631C00C190C4 /* FirebaseAnalyticsOnDeviceConversion in Frameworks */ = {isa = PBXBuildFile; productRef = 1A2D44822AFA631C00C190C4 /* FirebaseAnalyticsOnDeviceConversion */; };
		1A2D44852AFA631C00C190C4 /* FirebaseAnalyticsSwift in Frameworks */ = {isa = PBXBuildFile; productRef = 1A2D44842AFA631C00C190C4 /* FirebaseAnalyticsSwift */; };
		1A2D44872AFA631C00C190C4 /* FirebaseAnalyticsWithoutAdIdSupport in Frameworks */ = {isa = PBXBuildFile; productRef = 1A2D44862AFA631C00C190C4 /* FirebaseAnalyticsWithoutAdIdSupport */; };
		1A2D44892AFA631C00C190C4 /* FirebaseCrashlytics in Frameworks */ = {isa = PBXBuildFile; productRef = 1A2D44882AFA631C00C190C4 /* FirebaseCrashlytics */; };
		1A4DC3DC2AF3E1EB000F6254 /* BaseButton.swift in Sources */ = {isa = PBXBuildFile; fileRef = 1A4DC3DB2AF3E1EB000F6254 /* BaseButton.swift */; };
		1A4DC3E02AF4F47B000F6254 /* AlertService.swift in Sources */ = {isa = PBXBuildFile; fileRef = 1A4DC3DF2AF4F47B000F6254 /* AlertService.swift */; };
		1A94ACB12A0A966A00B6DBBC /* IDElement.swift in Sources */ = {isa = PBXBuildFile; fileRef = 1A94ACB02A0A966A00B6DBBC /* IDElement.swift */; };
/* End PBXBuildFile section */

/* Begin PBXContainerItemProxy section */
		1A1FDF3E2A09546D00663FA1 /* PBXContainerItemProxy */ = {
			isa = PBXContainerItemProxy;
			containerPortal = 1A1FDF1F2A09546B00663FA1 /* Project object */;
			proxyType = 1;
			remoteGlobalIDString = 1A1FDF262A09546B00663FA1;
			remoteInfo = Calculator;
		};
		1A1FDF482A09546D00663FA1 /* PBXContainerItemProxy */ = {
			isa = PBXContainerItemProxy;
			containerPortal = 1A1FDF1F2A09546B00663FA1 /* Project object */;
			proxyType = 1;
			remoteGlobalIDString = 1A1FDF262A09546B00663FA1;
			remoteInfo = Calculator;
		};
/* End PBXContainerItemProxy section */

/* Begin PBXFileReference section */
		1A1FDF272A09546B00663FA1 /* Calculator.app */ = {isa = PBXFileReference; explicitFileType = wrapper.application; includeInIndex = 0; path = Calculator.app; sourceTree = BUILT_PRODUCTS_DIR; };
		1A1FDF2A2A09546B00663FA1 /* AppDelegate.swift */ = {isa = PBXFileReference; lastKnownFileType = sourcecode.swift; path = AppDelegate.swift; sourceTree = "<group>"; };
		1A1FDF2C2A09546B00663FA1 /* SceneDelegate.swift */ = {isa = PBXFileReference; lastKnownFileType = sourcecode.swift; path = SceneDelegate.swift; sourceTree = "<group>"; };
		1A1FDF2E2A09546B00663FA1 /* ViewController.swift */ = {isa = PBXFileReference; lastKnownFileType = sourcecode.swift; path = ViewController.swift; sourceTree = "<group>"; };
		1A1FDF332A09546D00663FA1 /* Assets.xcassets */ = {isa = PBXFileReference; lastKnownFileType = folder.assetcatalog; path = Assets.xcassets; sourceTree = "<group>"; };
		1A1FDF362A09546D00663FA1 /* Base */ = {isa = PBXFileReference; lastKnownFileType = file.storyboard; name = Base; path = Base.lproj/LaunchScreen.storyboard; sourceTree = "<group>"; };
		1A1FDF382A09546D00663FA1 /* Info.plist */ = {isa = PBXFileReference; lastKnownFileType = text.plist.xml; path = Info.plist; sourceTree = "<group>"; };
		1A1FDF3D2A09546D00663FA1 /* CalculatorTests.xctest */ = {isa = PBXFileReference; explicitFileType = wrapper.cfbundle; includeInIndex = 0; path = CalculatorTests.xctest; sourceTree = BUILT_PRODUCTS_DIR; };
		1A1FDF412A09546D00663FA1 /* CalculatorTests.swift */ = {isa = PBXFileReference; lastKnownFileType = sourcecode.swift; path = CalculatorTests.swift; sourceTree = "<group>"; };
		1A1FDF472A09546D00663FA1 /* CalculatorUITests.xctest */ = {isa = PBXFileReference; explicitFileType = wrapper.cfbundle; includeInIndex = 0; path = CalculatorUITests.xctest; sourceTree = BUILT_PRODUCTS_DIR; };
		1A1FDF4B2A09546D00663FA1 /* CalculatorUITests.swift */ = {isa = PBXFileReference; lastKnownFileType = sourcecode.swift; path = CalculatorUITests.swift; sourceTree = "<group>"; };
		1A1FDF4D2A09546D00663FA1 /* CalculatorUITestsLaunchTests.swift */ = {isa = PBXFileReference; lastKnownFileType = sourcecode.swift; path = CalculatorUITestsLaunchTests.swift; sourceTree = "<group>"; };
		1A1FDF622A09580600663FA1 /* Resources.swift */ = {isa = PBXFileReference; lastKnownFileType = sourcecode.swift; path = Resources.swift; sourceTree = "<group>"; };
		1A1FDF6A2A097C3200663FA1 /* Main.storyboard */ = {isa = PBXFileReference; lastKnownFileType = file.storyboard; path = Main.storyboard; sourceTree = "<group>"; };
		1A1FDF732A098B9500663FA1 /* ViewModel.swift */ = {isa = PBXFileReference; lastKnownFileType = sourcecode.swift; path = ViewModel.swift; sourceTree = "<group>"; };
		1A1FDF762A098C0A00663FA1 /* UILabel+SaveText.swift */ = {isa = PBXFileReference; lastKnownFileType = sourcecode.swift; path = "UILabel+SaveText.swift"; sourceTree = "<group>"; };
		1A1FDF7A2A09942600663FA1 /* SaveData.swift */ = {isa = PBXFileReference; lastKnownFileType = sourcecode.swift; path = SaveData.swift; sourceTree = "<group>"; };
		1A1FDF7C2A09944800663FA1 /* CurrentData.swift */ = {isa = PBXFileReference; lastKnownFileType = sourcecode.swift; path = CurrentData.swift; sourceTree = "<group>"; };
		1A1FDF7E2A09949000663FA1 /* CurrencyEntity.swift */ = {isa = PBXFileReference; lastKnownFileType = sourcecode.swift; path = CurrencyEntity.swift; sourceTree = "<group>"; };
		1A1FDF802A0994CD00663FA1 /* NetworkManager.swift */ = {isa = PBXFileReference; lastKnownFileType = sourcecode.swift; path = NetworkManager.swift; sourceTree = "<group>"; };
		1A1FDF832A0A0BCA00663FA1 /* MultiCurrencySelectionButton.swift */ = {isa = PBXFileReference; lastKnownFileType = sourcecode.swift; path = MultiCurrencySelectionButton.swift; sourceTree = "<group>"; };
		1A1FDF852A0A2C6300663FA1 /* Localizable.strings */ = {isa = PBXFileReference; lastKnownFileType = text.plist.strings; path = Localizable.strings; sourceTree = "<group>"; };
		1A1FDF882A0A38B800663FA1 /* CrossCourseView.swift */ = {isa = PBXFileReference; lastKnownFileType = sourcecode.swift; path = CrossCourseView.swift; sourceTree = "<group>"; };
		1A1FDF8C2A0A3AA600663FA1 /* ItemView.swift */ = {isa = PBXFileReference; lastKnownFileType = sourcecode.swift; path = ItemView.swift; sourceTree = "<group>"; };
		1A1FDF8E2A0A3AF700663FA1 /* PickerDataSource.swift */ = {isa = PBXFileReference; lastKnownFileType = sourcecode.swift; path = PickerDataSource.swift; sourceTree = "<group>"; };
		1A2D447D2AFA5E2A00C190C4 /* GoogleService-Info.plist */ = {isa = PBXFileReference; fileEncoding = 4; lastKnownFileType = text.plist.xml; path = "GoogleService-Info.plist"; sourceTree = "<group>"; };
		1A4DC3DB2AF3E1EB000F6254 /* BaseButton.swift */ = {isa = PBXFileReference; lastKnownFileType = sourcecode.swift; path = BaseButton.swift; sourceTree = "<group>"; };
		1A4DC3DF2AF4F47B000F6254 /* AlertService.swift */ = {isa = PBXFileReference; lastKnownFileType = sourcecode.swift; path = AlertService.swift; sourceTree = "<group>"; };
		1A94ACB02A0A966A00B6DBBC /* IDElement.swift */ = {isa = PBXFileReference; lastKnownFileType = sourcecode.swift; path = IDElement.swift; sourceTree = "<group>"; };
/* End PBXFileReference section */

/* Begin PBXFrameworksBuildPhase section */
		1A1FDF242A09546B00663FA1 /* Frameworks */ = {
			isa = PBXFrameworksBuildPhase;
			buildActionMask = 2147483647;
			files = (
				1A2D44852AFA631C00C190C4 /* FirebaseAnalyticsSwift in Frameworks */,
				1A2D44812AFA631C00C190C4 /* FirebaseAnalytics in Frameworks */,
				1A2D44892AFA631C00C190C4 /* FirebaseCrashlytics in Frameworks */,
				1A2D44832AFA631C00C190C4 /* FirebaseAnalyticsOnDeviceConversion in Frameworks */,
				1A2D44872AFA631C00C190C4 /* FirebaseAnalyticsWithoutAdIdSupport in Frameworks */,
			);
			runOnlyForDeploymentPostprocessing = 0;
		};
		1A1FDF3A2A09546D00663FA1 /* Frameworks */ = {
			isa = PBXFrameworksBuildPhase;
			buildActionMask = 2147483647;
			files = (
			);
			runOnlyForDeploymentPostprocessing = 0;
		};
		1A1FDF442A09546D00663FA1 /* Frameworks */ = {
			isa = PBXFrameworksBuildPhase;
			buildActionMask = 2147483647;
			files = (
			);
			runOnlyForDeploymentPostprocessing = 0;
		};
/* End PBXFrameworksBuildPhase section */

/* Begin PBXGroup section */
		1A1FDF1E2A09546B00663FA1 = {
			isa = PBXGroup;
			children = (
				1A1FDF292A09546B00663FA1 /* Calculator */,
				1A1FDF402A09546D00663FA1 /* CalculatorTests */,
				1A1FDF4A2A09546D00663FA1 /* CalculatorUITests */,
				1A1FDF282A09546B00663FA1 /* Products */,
			);
			sourceTree = "<group>";
		};
		1A1FDF282A09546B00663FA1 /* Products */ = {
			isa = PBXGroup;
			children = (
				1A1FDF272A09546B00663FA1 /* Calculator.app */,
				1A1FDF3D2A09546D00663FA1 /* CalculatorTests.xctest */,
				1A1FDF472A09546D00663FA1 /* CalculatorUITests.xctest */,
			);
			name = Products;
			sourceTree = "<group>";
		};
		1A1FDF292A09546B00663FA1 /* Calculator */ = {
			isa = PBXGroup;
			children = (
				1A4DC3DD2AF4F456000F6254 /* Services */,
				1A1FDF5B2A09552F00663FA1 /* Application */,
				1A1FDF5C2A09554800663FA1 /* Resouces */,
				1A1FDF5E2A09556300663FA1 /* Screen */,
				1A1FDF5D2A09555200663FA1 /* SupportingFiles */,
			);
			path = Calculator;
			sourceTree = "<group>";
		};
		1A1FDF402A09546D00663FA1 /* CalculatorTests */ = {
			isa = PBXGroup;
			children = (
				1A1FDF412A09546D00663FA1 /* CalculatorTests.swift */,
			);
			path = CalculatorTests;
			sourceTree = "<group>";
		};
		1A1FDF4A2A09546D00663FA1 /* CalculatorUITests */ = {
			isa = PBXGroup;
			children = (
				1A1FDF4B2A09546D00663FA1 /* CalculatorUITests.swift */,
				1A1FDF4D2A09546D00663FA1 /* CalculatorUITestsLaunchTests.swift */,
				1A94ACB02A0A966A00B6DBBC /* IDElement.swift */,
			);
			path = CalculatorUITests;
			sourceTree = "<group>";
		};
		1A1FDF5B2A09552F00663FA1 /* Application */ = {
			isa = PBXGroup;
			children = (
				1A1FDF2C2A09546B00663FA1 /* SceneDelegate.swift */,
				1A1FDF2A2A09546B00663FA1 /* AppDelegate.swift */,
			);
			path = Application;
			sourceTree = "<group>";
		};
		1A1FDF5C2A09554800663FA1 /* Resouces */ = {
			isa = PBXGroup;
			children = (
				1A1FDF332A09546D00663FA1 /* Assets.xcassets */,
				1A1FDF622A09580600663FA1 /* Resources.swift */,
				1A1FDF852A0A2C6300663FA1 /* Localizable.strings */,
			);
			path = Resouces;
			sourceTree = "<group>";
		};
		1A1FDF5D2A09555200663FA1 /* SupportingFiles */ = {
			isa = PBXGroup;
			children = (
				1A1FDF752A098BF100663FA1 /* Extension */,
				1A1FDF352A09546D00663FA1 /* LaunchScreen.storyboard */,
				1A1FDF382A09546D00663FA1 /* Info.plist */,
				1A2D447D2AFA5E2A00C190C4 /* GoogleService-Info.plist */,
			);
			path = SupportingFiles;
			sourceTree = "<group>";
		};
		1A1FDF5E2A09556300663FA1 /* Screen */ = {
			isa = PBXGroup;
			children = (
				1A1FDF612A09558D00663FA1 /* Model */,
				1A1FDF602A09558500663FA1 /* View */,
				1A1FDF5F2A09556E00663FA1 /* Controller */,
			);
			path = Screen;
			sourceTree = "<group>";
		};
		1A1FDF5F2A09556E00663FA1 /* Controller */ = {
			isa = PBXGroup;
			children = (
				1A1FDF2E2A09546B00663FA1 /* ViewController.swift */,
				1A1FDF6A2A097C3200663FA1 /* Main.storyboard */,
				1A1FDF732A098B9500663FA1 /* ViewModel.swift */,
			);
			path = Controller;
			sourceTree = "<group>";
		};
		1A1FDF602A09558500663FA1 /* View */ = {
			isa = PBXGroup;
			children = (
				1A4DC3DA2AF3E1CB000F6254 /* Buttons */,
				1A1FDF872A0A386B00663FA1 /* CrossСourseView */,
			);
			path = View;
			sourceTree = "<group>";
		};
		1A1FDF612A09558D00663FA1 /* Model */ = {
			isa = PBXGroup;
			children = (
				1A1FDF822A0A02DA00663FA1 /* Entity */,
				1A1FDF792A09940100663FA1 /* DataManager */,
			);
			path = Model;
			sourceTree = "<group>";
		};
		1A1FDF752A098BF100663FA1 /* Extension */ = {
			isa = PBXGroup;
			children = (
				1A1FDF762A098C0A00663FA1 /* UILabel+SaveText.swift */,
			);
			path = Extension;
			sourceTree = "<group>";
		};
		1A1FDF782A09938B00663FA1 /* NetworkService */ = {
			isa = PBXGroup;
			children = (
				1A1FDF802A0994CD00663FA1 /* NetworkManager.swift */,
			);
			name = NetworkService;
			path = ../Screen/Model/NetworkService;
			sourceTree = "<group>";
		};
		1A1FDF792A09940100663FA1 /* DataManager */ = {
			isa = PBXGroup;
			children = (
				1A1FDF7A2A09942600663FA1 /* SaveData.swift */,
				1A1FDF7C2A09944800663FA1 /* CurrentData.swift */,
			);
			path = DataManager;
			sourceTree = "<group>";
		};
		1A1FDF822A0A02DA00663FA1 /* Entity */ = {
			isa = PBXGroup;
			children = (
				1A1FDF7E2A09949000663FA1 /* CurrencyEntity.swift */,
			);
			path = Entity;
			sourceTree = "<group>";
		};
		1A1FDF872A0A386B00663FA1 /* CrossСourseView */ = {
			isa = PBXGroup;
			children = (
				1A1FDF882A0A38B800663FA1 /* CrossCourseView.swift */,
				1A1FDF8C2A0A3AA600663FA1 /* ItemView.swift */,
				1A1FDF8E2A0A3AF700663FA1 /* PickerDataSource.swift */,
			);
			path = "CrossСourseView";
			sourceTree = "<group>";
		};
		1A4DC3DA2AF3E1CB000F6254 /* Buttons */ = {
			isa = PBXGroup;
			children = (
				1A4DC3DB2AF3E1EB000F6254 /* BaseButton.swift */,
				1A1FDF832A0A0BCA00663FA1 /* MultiCurrencySelectionButton.swift */,
			);
			path = Buttons;
			sourceTree = "<group>";
		};
		1A4DC3DD2AF4F456000F6254 /* Services */ = {
			isa = PBXGroup;
			children = (
				1A1FDF782A09938B00663FA1 /* NetworkService */,
				1A4DC3DE2AF4F468000F6254 /* AlertService */,
			);
			path = Services;
			sourceTree = "<group>";
		};
		1A4DC3DE2AF4F468000F6254 /* AlertService */ = {
			isa = PBXGroup;
			children = (
				1A4DC3DF2AF4F47B000F6254 /* AlertService.swift */,
			);
			path = AlertService;
			sourceTree = "<group>";
		};
/* End PBXGroup section */

/* Begin PBXNativeTarget section */
		1A1FDF262A09546B00663FA1 /* Calculator */ = {
			isa = PBXNativeTarget;
			buildConfigurationList = 1A1FDF512A09546D00663FA1 /* Build configuration list for PBXNativeTarget "Calculator" */;
			buildPhases = (
				1A1FDF5A2A0954FC00663FA1 /* SwiftLint */,
				1A1FDF232A09546B00663FA1 /* Sources */,
				1A1FDF242A09546B00663FA1 /* Frameworks */,
				1A1FDF252A09546B00663FA1 /* Resources */,
				1A2D448A2AFA662700C190C4 /* Crashlytics */,
			);
			buildRules = (
			);
			dependencies = (
			);
			name = Calculator;
			packageProductDependencies = (
				1A2D44802AFA631C00C190C4 /* FirebaseAnalytics */,
				1A2D44822AFA631C00C190C4 /* FirebaseAnalyticsOnDeviceConversion */,
				1A2D44842AFA631C00C190C4 /* FirebaseAnalyticsSwift */,
				1A2D44862AFA631C00C190C4 /* FirebaseAnalyticsWithoutAdIdSupport */,
				1A2D44882AFA631C00C190C4 /* FirebaseCrashlytics */,
			);
			productName = Calculator;
			productReference = 1A1FDF272A09546B00663FA1 /* Calculator.app */;
			productType = "com.apple.product-type.application";
		};
		1A1FDF3C2A09546D00663FA1 /* CalculatorTests */ = {
			isa = PBXNativeTarget;
			buildConfigurationList = 1A1FDF542A09546D00663FA1 /* Build configuration list for PBXNativeTarget "CalculatorTests" */;
			buildPhases = (
				1A1FDF392A09546D00663FA1 /* Sources */,
				1A1FDF3A2A09546D00663FA1 /* Frameworks */,
				1A1FDF3B2A09546D00663FA1 /* Resources */,
			);
			buildRules = (
			);
			dependencies = (
				1A1FDF3F2A09546D00663FA1 /* PBXTargetDependency */,
			);
			name = CalculatorTests;
			productName = CalculatorTests;
			productReference = 1A1FDF3D2A09546D00663FA1 /* CalculatorTests.xctest */;
			productType = "com.apple.product-type.bundle.unit-test";
		};
		1A1FDF462A09546D00663FA1 /* CalculatorUITests */ = {
			isa = PBXNativeTarget;
			buildConfigurationList = 1A1FDF572A09546D00663FA1 /* Build configuration list for PBXNativeTarget "CalculatorUITests" */;
			buildPhases = (
				1A1FDF432A09546D00663FA1 /* Sources */,
				1A1FDF442A09546D00663FA1 /* Frameworks */,
				1A1FDF452A09546D00663FA1 /* Resources */,
			);
			buildRules = (
			);
			dependencies = (
				1A1FDF492A09546D00663FA1 /* PBXTargetDependency */,
			);
			name = CalculatorUITests;
			productName = CalculatorUITests;
			productReference = 1A1FDF472A09546D00663FA1 /* CalculatorUITests.xctest */;
			productType = "com.apple.product-type.bundle.ui-testing";
		};
/* End PBXNativeTarget section */

/* Begin PBXProject section */
		1A1FDF1F2A09546B00663FA1 /* Project object */ = {
			isa = PBXProject;
			attributes = {
				BuildIndependentTargetsInParallel = 1;
				LastSwiftUpdateCheck = 1420;
				LastUpgradeCheck = 1500;
				TargetAttributes = {
					1A1FDF262A09546B00663FA1 = {
						CreatedOnToolsVersion = 14.2;
					};
					1A1FDF3C2A09546D00663FA1 = {
						CreatedOnToolsVersion = 14.2;
						TestTargetID = 1A1FDF262A09546B00663FA1;
					};
					1A1FDF462A09546D00663FA1 = {
						CreatedOnToolsVersion = 14.2;
						TestTargetID = 1A1FDF262A09546B00663FA1;
					};
				};
			};
			buildConfigurationList = 1A1FDF222A09546B00663FA1 /* Build configuration list for PBXProject "Calculator" */;
			compatibilityVersion = "Xcode 14.0";
			developmentRegion = en;
			hasScannedForEncodings = 0;
			knownRegions = (
				en,
				Base,
			);
			mainGroup = 1A1FDF1E2A09546B00663FA1;
			packageReferences = (
				1A2D447F2AFA631C00C190C4 /* XCRemoteSwiftPackageReference "firebase-ios-sdk" */,
			);
			productRefGroup = 1A1FDF282A09546B00663FA1 /* Products */;
			projectDirPath = "";
			projectRoot = "";
			targets = (
				1A1FDF262A09546B00663FA1 /* Calculator */,
				1A1FDF3C2A09546D00663FA1 /* CalculatorTests */,
				1A1FDF462A09546D00663FA1 /* CalculatorUITests */,
			);
		};
/* End PBXProject section */

/* Begin PBXResourcesBuildPhase section */
		1A1FDF252A09546B00663FA1 /* Resources */ = {
			isa = PBXResourcesBuildPhase;
			buildActionMask = 2147483647;
			files = (
				1A1FDF6B2A097C3200663FA1 /* Main.storyboard in Resources */,
				1A1FDF862A0A2C6300663FA1 /* Localizable.strings in Resources */,
				1A2D447E2AFA5E2A00C190C4 /* GoogleService-Info.plist in Resources */,
				1A1FDF372A09546D00663FA1 /* LaunchScreen.storyboard in Resources */,
				1A1FDF342A09546D00663FA1 /* Assets.xcassets in Resources */,
			);
			runOnlyForDeploymentPostprocessing = 0;
		};
		1A1FDF3B2A09546D00663FA1 /* Resources */ = {
			isa = PBXResourcesBuildPhase;
			buildActionMask = 2147483647;
			files = (
			);
			runOnlyForDeploymentPostprocessing = 0;
		};
		1A1FDF452A09546D00663FA1 /* Resources */ = {
			isa = PBXResourcesBuildPhase;
			buildActionMask = 2147483647;
			files = (
			);
			runOnlyForDeploymentPostprocessing = 0;
		};
/* End PBXResourcesBuildPhase section */

/* Begin PBXShellScriptBuildPhase section */
		1A1FDF5A2A0954FC00663FA1 /* SwiftLint */ = {
			isa = PBXShellScriptBuildPhase;
			alwaysOutOfDate = 1;
			buildActionMask = 2147483647;
			files = (
			);
			inputFileListPaths = (
			);
			inputPaths = (
			);
			name = SwiftLint;
			outputFileListPaths = (
			);
			outputPaths = (
			);
			runOnlyForDeploymentPostprocessing = 0;
			shellPath = /bin/sh;
			shellScript = "if which swiftlint >/dev/null; then\n  swiftlint\nelse\n  echo \"error: SwiftLint does not exist, download it from https://github.com/realm/SwiftLint\"\n  exit 1\nfi\n\n";
		};
		1A2D448A2AFA662700C190C4 /* Crashlytics */ = {
			isa = PBXShellScriptBuildPhase;
			buildActionMask = 2147483647;
			files = (
			);
			inputFileListPaths = (
			);
			inputPaths = (
				"${DWARF_DSYM_FOLDER_PATH}/${DWARF_DSYM_FILE_NAME}",
				"${DWARF_DSYM_FOLDER_PATH}/${DWARF_DSYM_FILE_NAME}/Contents/Resources/DWARF/${PRODUCT_NAME}",
				"${DWARF_DSYM_FOLDER_PATH}/${DWARF_DSYM_FILE_NAME}/Contents/Info.plist",
				"$(TARGET_BUILD_DIR)/$(UNLOCALIZED_RESOURCES_FOLDER_PATH)/GoogleService-Info.plist",
				"$(TARGET_BUILD_DIR)/$(EXECUTABLE_PATH)",
			);
			name = Crashlytics;
			outputFileListPaths = (
			);
			outputPaths = (
			);
			runOnlyForDeploymentPostprocessing = 0;
			shellPath = /bin/sh;
			shellScript = "# Type a script or drag a script file from your workspace to insert its path.\n\"${BUILD_DIR%/Build/*}/SourcePackages/checkouts/firebase-ios-sdk/Crashlytics/run\"\n";
		};
/* End PBXShellScriptBuildPhase section */

/* Begin PBXSourcesBuildPhase section */
		1A1FDF232A09546B00663FA1 /* Sources */ = {
			isa = PBXSourcesBuildPhase;
			buildActionMask = 2147483647;
			files = (
				1A1FDF892A0A38B800663FA1 /* CrossCourseView.swift in Sources */,
				1A1FDF2F2A09546B00663FA1 /* ViewController.swift in Sources */,
				1A1FDF772A098C0A00663FA1 /* UILabel+SaveText.swift in Sources */,
				1A1FDF632A09580600663FA1 /* Resources.swift in Sources */,
				1A4DC3DC2AF3E1EB000F6254 /* BaseButton.swift in Sources */,
				1A1FDF812A0994CD00663FA1 /* NetworkManager.swift in Sources */,
				1A4DC3E02AF4F47B000F6254 /* AlertService.swift in Sources */,
				1A1FDF2B2A09546B00663FA1 /* AppDelegate.swift in Sources */,
				1A1FDF842A0A0BCA00663FA1 /* MultiCurrencySelectionButton.swift in Sources */,
				1A1FDF7D2A09944800663FA1 /* CurrentData.swift in Sources */,
				1A1FDF7B2A09942600663FA1 /* SaveData.swift in Sources */,
				1A1FDF8F2A0A3AF700663FA1 /* PickerDataSource.swift in Sources */,
				1A1FDF742A098B9500663FA1 /* ViewModel.swift in Sources */,
				1A1FDF8D2A0A3AA600663FA1 /* ItemView.swift in Sources */,
				1A1FDF2D2A09546B00663FA1 /* SceneDelegate.swift in Sources */,
				1A1FDF7F2A09949000663FA1 /* CurrencyEntity.swift in Sources */,
			);
			runOnlyForDeploymentPostprocessing = 0;
		};
		1A1FDF392A09546D00663FA1 /* Sources */ = {
			isa = PBXSourcesBuildPhase;
			buildActionMask = 2147483647;
			files = (
				1A1FDF422A09546D00663FA1 /* CalculatorTests.swift in Sources */,
			);
			runOnlyForDeploymentPostprocessing = 0;
		};
		1A1FDF432A09546D00663FA1 /* Sources */ = {
			isa = PBXSourcesBuildPhase;
			buildActionMask = 2147483647;
			files = (
				1A1FDF4E2A09546D00663FA1 /* CalculatorUITestsLaunchTests.swift in Sources */,
				1A94ACB12A0A966A00B6DBBC /* IDElement.swift in Sources */,
				1A1FDF4C2A09546D00663FA1 /* CalculatorUITests.swift in Sources */,
			);
			runOnlyForDeploymentPostprocessing = 0;
		};
/* End PBXSourcesBuildPhase section */

/* Begin PBXTargetDependency section */
		1A1FDF3F2A09546D00663FA1 /* PBXTargetDependency */ = {
			isa = PBXTargetDependency;
			target = 1A1FDF262A09546B00663FA1 /* Calculator */;
			targetProxy = 1A1FDF3E2A09546D00663FA1 /* PBXContainerItemProxy */;
		};
		1A1FDF492A09546D00663FA1 /* PBXTargetDependency */ = {
			isa = PBXTargetDependency;
			target = 1A1FDF262A09546B00663FA1 /* Calculator */;
			targetProxy = 1A1FDF482A09546D00663FA1 /* PBXContainerItemProxy */;
		};
/* End PBXTargetDependency section */

/* Begin PBXVariantGroup section */
		1A1FDF352A09546D00663FA1 /* LaunchScreen.storyboard */ = {
			isa = PBXVariantGroup;
			children = (
				1A1FDF362A09546D00663FA1 /* Base */,
			);
			name = LaunchScreen.storyboard;
			sourceTree = "<group>";
		};
/* End PBXVariantGroup section */

/* Begin XCBuildConfiguration section */
		1A1FDF4F2A09546D00663FA1 /* Debug */ = {
			isa = XCBuildConfiguration;
			buildSettings = {
				ALWAYS_SEARCH_USER_PATHS = NO;
				CLANG_ANALYZER_NONNULL = YES;
				CLANG_ANALYZER_NUMBER_OBJECT_CONVERSION = YES_AGGRESSIVE;
				CLANG_CXX_LANGUAGE_STANDARD = "gnu++20";
				CLANG_ENABLE_MODULES = YES;
				CLANG_ENABLE_OBJC_ARC = YES;
				CLANG_ENABLE_OBJC_WEAK = YES;
				CLANG_WARN_BLOCK_CAPTURE_AUTORELEASING = YES;
				CLANG_WARN_BOOL_CONVERSION = YES;
				CLANG_WARN_COMMA = YES;
				CLANG_WARN_CONSTANT_CONVERSION = YES;
				CLANG_WARN_DEPRECATED_OBJC_IMPLEMENTATIONS = YES;
				CLANG_WARN_DIRECT_OBJC_ISA_USAGE = YES_ERROR;
				CLANG_WARN_DOCUMENTATION_COMMENTS = YES;
				CLANG_WARN_EMPTY_BODY = YES;
				CLANG_WARN_ENUM_CONVERSION = YES;
				CLANG_WARN_INFINITE_RECURSION = YES;
				CLANG_WARN_INT_CONVERSION = YES;
				CLANG_WARN_NON_LITERAL_NULL_CONVERSION = YES;
				CLANG_WARN_OBJC_IMPLICIT_RETAIN_SELF = YES;
				CLANG_WARN_OBJC_LITERAL_CONVERSION = YES;
				CLANG_WARN_OBJC_ROOT_CLASS = YES_ERROR;
				CLANG_WARN_QUOTED_INCLUDE_IN_FRAMEWORK_HEADER = YES;
				CLANG_WARN_RANGE_LOOP_ANALYSIS = YES;
				CLANG_WARN_STRICT_PROTOTYPES = YES;
				CLANG_WARN_SUSPICIOUS_MOVE = YES;
				CLANG_WARN_UNGUARDED_AVAILABILITY = YES_AGGRESSIVE;
				CLANG_WARN_UNREACHABLE_CODE = YES;
				CLANG_WARN__DUPLICATE_METHOD_MATCH = YES;
				COPY_PHASE_STRIP = NO;
				DEBUG_INFORMATION_FORMAT = dwarf;
				ENABLE_STRICT_OBJC_MSGSEND = YES;
				ENABLE_TESTABILITY = YES;
				ENABLE_USER_SCRIPT_SANDBOXING = NO;
				GCC_C_LANGUAGE_STANDARD = gnu11;
				GCC_DYNAMIC_NO_PIC = NO;
				GCC_NO_COMMON_BLOCKS = YES;
				GCC_OPTIMIZATION_LEVEL = 0;
				GCC_PREPROCESSOR_DEFINITIONS = (
					"DEBUG=1",
					"$(inherited)",
				);
				GCC_WARN_64_TO_32_BIT_CONVERSION = YES;
				GCC_WARN_ABOUT_RETURN_TYPE = YES_ERROR;
				GCC_WARN_UNDECLARED_SELECTOR = YES;
				GCC_WARN_UNINITIALIZED_AUTOS = YES_AGGRESSIVE;
				GCC_WARN_UNUSED_FUNCTION = YES;
				GCC_WARN_UNUSED_VARIABLE = YES;
				IPHONEOS_DEPLOYMENT_TARGET = 15.0;
				MTL_ENABLE_DEBUG_INFO = INCLUDE_SOURCE;
				MTL_FAST_MATH = YES;
				ONLY_ACTIVE_ARCH = YES;
				SDKROOT = iphoneos;
				SWIFT_ACTIVE_COMPILATION_CONDITIONS = DEBUG;
				SWIFT_OPTIMIZATION_LEVEL = "-Onone";
			};
			name = Debug;
		};
		1A1FDF502A09546D00663FA1 /* Release */ = {
			isa = XCBuildConfiguration;
			buildSettings = {
				ALWAYS_SEARCH_USER_PATHS = NO;
				CLANG_ANALYZER_NONNULL = YES;
				CLANG_ANALYZER_NUMBER_OBJECT_CONVERSION = YES_AGGRESSIVE;
				CLANG_CXX_LANGUAGE_STANDARD = "gnu++20";
				CLANG_ENABLE_MODULES = YES;
				CLANG_ENABLE_OBJC_ARC = YES;
				CLANG_ENABLE_OBJC_WEAK = YES;
				CLANG_WARN_BLOCK_CAPTURE_AUTORELEASING = YES;
				CLANG_WARN_BOOL_CONVERSION = YES;
				CLANG_WARN_COMMA = YES;
				CLANG_WARN_CONSTANT_CONVERSION = YES;
				CLANG_WARN_DEPRECATED_OBJC_IMPLEMENTATIONS = YES;
				CLANG_WARN_DIRECT_OBJC_ISA_USAGE = YES_ERROR;
				CLANG_WARN_DOCUMENTATION_COMMENTS = YES;
				CLANG_WARN_EMPTY_BODY = YES;
				CLANG_WARN_ENUM_CONVERSION = YES;
				CLANG_WARN_INFINITE_RECURSION = YES;
				CLANG_WARN_INT_CONVERSION = YES;
				CLANG_WARN_NON_LITERAL_NULL_CONVERSION = YES;
				CLANG_WARN_OBJC_IMPLICIT_RETAIN_SELF = YES;
				CLANG_WARN_OBJC_LITERAL_CONVERSION = YES;
				CLANG_WARN_OBJC_ROOT_CLASS = YES_ERROR;
				CLANG_WARN_QUOTED_INCLUDE_IN_FRAMEWORK_HEADER = YES;
				CLANG_WARN_RANGE_LOOP_ANALYSIS = YES;
				CLANG_WARN_STRICT_PROTOTYPES = YES;
				CLANG_WARN_SUSPICIOUS_MOVE = YES;
				CLANG_WARN_UNGUARDED_AVAILABILITY = YES_AGGRESSIVE;
				CLANG_WARN_UNREACHABLE_CODE = YES;
				CLANG_WARN__DUPLICATE_METHOD_MATCH = YES;
				COPY_PHASE_STRIP = NO;
				DEBUG_INFORMATION_FORMAT = "dwarf-with-dsym";
				ENABLE_NS_ASSERTIONS = NO;
				ENABLE_STRICT_OBJC_MSGSEND = YES;
				ENABLE_USER_SCRIPT_SANDBOXING = NO;
				GCC_C_LANGUAGE_STANDARD = gnu11;
				GCC_NO_COMMON_BLOCKS = YES;
				GCC_WARN_64_TO_32_BIT_CONVERSION = YES;
				GCC_WARN_ABOUT_RETURN_TYPE = YES_ERROR;
				GCC_WARN_UNDECLARED_SELECTOR = YES;
				GCC_WARN_UNINITIALIZED_AUTOS = YES_AGGRESSIVE;
				GCC_WARN_UNUSED_FUNCTION = YES;
				GCC_WARN_UNUSED_VARIABLE = YES;
				IPHONEOS_DEPLOYMENT_TARGET = 15.0;
				MTL_ENABLE_DEBUG_INFO = NO;
				MTL_FAST_MATH = YES;
				SDKROOT = iphoneos;
				SWIFT_COMPILATION_MODE = wholemodule;
				SWIFT_OPTIMIZATION_LEVEL = "-O";
				VALIDATE_PRODUCT = YES;
			};
			name = Release;
		};
		1A1FDF522A09546D00663FA1 /* Debug */ = {
			isa = XCBuildConfiguration;
			buildSettings = {
				ASSETCATALOG_COMPILER_APPICON_NAME = AppIcon;
				ASSETCATALOG_COMPILER_GLOBAL_ACCENT_COLOR_NAME = AccentColor;
				CODE_SIGN_STYLE = Automatic;
				CURRENT_PROJECT_VERSION = 1;
				DEBUG_INFORMATION_FORMAT = "dwarf-with-dsym";
				DEVELOPMENT_TEAM = 2TFP9B86SX;
				GENERATE_INFOPLIST_FILE = YES;
				INFOPLIST_FILE = Calculator/SupportingFiles/Info.plist;
				INFOPLIST_KEY_UIApplicationSupportsIndirectInputEvents = YES;
				INFOPLIST_KEY_UILaunchStoryboardName = LaunchScreen.storyboard;
				INFOPLIST_KEY_UIMainStoryboardFile = Main;
				INFOPLIST_KEY_UISupportedInterfaceOrientations_iPad = "UIInterfaceOrientationPortrait UIInterfaceOrientationPortraitUpsideDown UIInterfaceOrientationLandscapeLeft UIInterfaceOrientationLandscapeRight";
				INFOPLIST_KEY_UISupportedInterfaceOrientations_iPhone = "UIInterfaceOrientationPortrait UIInterfaceOrientationLandscapeLeft UIInterfaceOrientationLandscapeRight";
				IPHONEOS_DEPLOYMENT_TARGET = 15.0;
				LD_RUNPATH_SEARCH_PATHS = (
					"$(inherited)",
					"@executable_path/Frameworks",
				);
				MARKETING_VERSION = 1.0;
				PRODUCT_BUNDLE_IDENTIFIER = com.tarasenko.ivan.Calculator;
				PRODUCT_NAME = "$(TARGET_NAME)";
				SUPPORTED_PLATFORMS = "iphoneos iphonesimulator";
				SUPPORTS_MACCATALYST = NO;
				SUPPORTS_MAC_DESIGNED_FOR_IPHONE_IPAD = NO;
				SWIFT_EMIT_LOC_STRINGS = YES;
				SWIFT_VERSION = 5.0;
				TARGETED_DEVICE_FAMILY = 1;
			};
			name = Debug;
		};
		1A1FDF532A09546D00663FA1 /* Release */ = {
			isa = XCBuildConfiguration;
			buildSettings = {
				ASSETCATALOG_COMPILER_APPICON_NAME = AppIcon;
				ASSETCATALOG_COMPILER_GLOBAL_ACCENT_COLOR_NAME = AccentColor;
				CODE_SIGN_STYLE = Automatic;
				CURRENT_PROJECT_VERSION = 1;
				DEVELOPMENT_TEAM = 2TFP9B86SX;
				GENERATE_INFOPLIST_FILE = YES;
				INFOPLIST_FILE = Calculator/SupportingFiles/Info.plist;
				INFOPLIST_KEY_UIApplicationSupportsIndirectInputEvents = YES;
				INFOPLIST_KEY_UILaunchStoryboardName = LaunchScreen.storyboard;
				INFOPLIST_KEY_UIMainStoryboardFile = Main;
				INFOPLIST_KEY_UISupportedInterfaceOrientations_iPad = "UIInterfaceOrientationPortrait UIInterfaceOrientationPortraitUpsideDown UIInterfaceOrientationLandscapeLeft UIInterfaceOrientationLandscapeRight";
				INFOPLIST_KEY_UISupportedInterfaceOrientations_iPhone = "UIInterfaceOrientationPortrait UIInterfaceOrientationLandscapeLeft UIInterfaceOrientationLandscapeRight";
				IPHONEOS_DEPLOYMENT_TARGET = 15.0;
				LD_RUNPATH_SEARCH_PATHS = (
					"$(inherited)",
					"@executable_path/Frameworks",
				);
				MARKETING_VERSION = 1.0;
				PRODUCT_BUNDLE_IDENTIFIER = com.tarasenko.ivan.Calculator;
				PRODUCT_NAME = "$(TARGET_NAME)";
				SUPPORTED_PLATFORMS = "iphoneos iphonesimulator";
				SUPPORTS_MACCATALYST = NO;
				SUPPORTS_MAC_DESIGNED_FOR_IPHONE_IPAD = NO;
				SWIFT_EMIT_LOC_STRINGS = YES;
				SWIFT_VERSION = 5.0;
				TARGETED_DEVICE_FAMILY = 1;
			};
			name = Release;
		};
		1A1FDF552A09546D00663FA1 /* Debug */ = {
			isa = XCBuildConfiguration;
			buildSettings = {
				ALWAYS_EMBED_SWIFT_STANDARD_LIBRARIES = YES;
				BUNDLE_LOADER = "$(TEST_HOST)";
				CODE_SIGN_STYLE = Automatic;
				CURRENT_PROJECT_VERSION = 1;
				DEVELOPMENT_TEAM = 2TFP9B86SX;
				GENERATE_INFOPLIST_FILE = YES;
				IPHONEOS_DEPLOYMENT_TARGET = 16.2;
				MARKETING_VERSION = 1.0;
				PRODUCT_BUNDLE_IDENTIFIER = "com.tarasenko.ivan-icloud.CalculatorTests";
				PRODUCT_NAME = "$(TARGET_NAME)";
				SWIFT_EMIT_LOC_STRINGS = NO;
				SWIFT_VERSION = 5.0;
				TARGETED_DEVICE_FAMILY = "1,2";
				TEST_HOST = "$(BUILT_PRODUCTS_DIR)/Calculator.app/$(BUNDLE_EXECUTABLE_FOLDER_PATH)/Calculator";
			};
			name = Debug;
		};
		1A1FDF562A09546D00663FA1 /* Release */ = {
			isa = XCBuildConfiguration;
			buildSettings = {
				ALWAYS_EMBED_SWIFT_STANDARD_LIBRARIES = YES;
				BUNDLE_LOADER = "$(TEST_HOST)";
				CODE_SIGN_STYLE = Automatic;
				CURRENT_PROJECT_VERSION = 1;
				DEVELOPMENT_TEAM = 2TFP9B86SX;
				GENERATE_INFOPLIST_FILE = YES;
				IPHONEOS_DEPLOYMENT_TARGET = 16.2;
				MARKETING_VERSION = 1.0;
				PRODUCT_BUNDLE_IDENTIFIER = "com.tarasenko.ivan-icloud.CalculatorTests";
				PRODUCT_NAME = "$(TARGET_NAME)";
				SWIFT_EMIT_LOC_STRINGS = NO;
				SWIFT_VERSION = 5.0;
				TARGETED_DEVICE_FAMILY = "1,2";
				TEST_HOST = "$(BUILT_PRODUCTS_DIR)/Calculator.app/$(BUNDLE_EXECUTABLE_FOLDER_PATH)/Calculator";
			};
			name = Release;
		};
		1A1FDF582A09546D00663FA1 /* Debug */ = {
			isa = XCBuildConfiguration;
			buildSettings = {
				ALWAYS_EMBED_SWIFT_STANDARD_LIBRARIES = YES;
				CODE_SIGN_STYLE = Automatic;
				CURRENT_PROJECT_VERSION = 1;
				DEVELOPMENT_TEAM = 2TFP9B86SX;
				GENERATE_INFOPLIST_FILE = YES;
				MARKETING_VERSION = 1.0;
				PRODUCT_BUNDLE_IDENTIFIER = "com.tarasenko.ivan-icloud.CalculatorUITests";
				PRODUCT_NAME = "$(TARGET_NAME)";
				SWIFT_EMIT_LOC_STRINGS = NO;
				SWIFT_VERSION = 5.0;
				TARGETED_DEVICE_FAMILY = "1,2";
				TEST_TARGET_NAME = Calculator;
			};
			name = Debug;
		};
		1A1FDF592A09546D00663FA1 /* Release */ = {
			isa = XCBuildConfiguration;
			buildSettings = {
				ALWAYS_EMBED_SWIFT_STANDARD_LIBRARIES = YES;
				CODE_SIGN_STYLE = Automatic;
				CURRENT_PROJECT_VERSION = 1;
				DEVELOPMENT_TEAM = 2TFP9B86SX;
				GENERATE_INFOPLIST_FILE = YES;
				MARKETING_VERSION = 1.0;
				PRODUCT_BUNDLE_IDENTIFIER = "com.tarasenko.ivan-icloud.CalculatorUITests";
				PRODUCT_NAME = "$(TARGET_NAME)";
				SWIFT_EMIT_LOC_STRINGS = NO;
				SWIFT_VERSION = 5.0;
				TARGETED_DEVICE_FAMILY = "1,2";
				TEST_TARGET_NAME = Calculator;
			};
			name = Release;
		};
/* End XCBuildConfiguration section */

/* Begin XCConfigurationList section */
		1A1FDF222A09546B00663FA1 /* Build configuration list for PBXProject "Calculator" */ = {
			isa = XCConfigurationList;
			buildConfigurations = (
				1A1FDF4F2A09546D00663FA1 /* Debug */,
				1A1FDF502A09546D00663FA1 /* Release */,
			);
			defaultConfigurationIsVisible = 0;
			defaultConfigurationName = Release;
		};
		1A1FDF512A09546D00663FA1 /* Build configuration list for PBXNativeTarget "Calculator" */ = {
			isa = XCConfigurationList;
			buildConfigurations = (
				1A1FDF522A09546D00663FA1 /* Debug */,
				1A1FDF532A09546D00663FA1 /* Release */,
			);
			defaultConfigurationIsVisible = 0;
			defaultConfigurationName = Release;
		};
		1A1FDF542A09546D00663FA1 /* Build configuration list for PBXNativeTarget "CalculatorTests" */ = {
			isa = XCConfigurationList;
			buildConfigurations = (
				1A1FDF552A09546D00663FA1 /* Debug */,
				1A1FDF562A09546D00663FA1 /* Release */,
			);
			defaultConfigurationIsVisible = 0;
			defaultConfigurationName = Release;
		};
		1A1FDF572A09546D00663FA1 /* Build configuration list for PBXNativeTarget "CalculatorUITests" */ = {
			isa = XCConfigurationList;
			buildConfigurations = (
				1A1FDF582A09546D00663FA1 /* Debug */,
				1A1FDF592A09546D00663FA1 /* Release */,
			);
			defaultConfigurationIsVisible = 0;
			defaultConfigurationName = Release;
		};
/* End XCConfigurationList section */

/* Begin XCRemoteSwiftPackageReference section */
		1A2D447F2AFA631C00C190C4 /* XCRemoteSwiftPackageReference "firebase-ios-sdk" */ = {
			isa = XCRemoteSwiftPackageReference;
			repositoryURL = "https://github.com/firebase/firebase-ios-sdk";
			requirement = {
				kind = upToNextMajorVersion;
				minimumVersion = 10.17.0;
			};
		};
/* End XCRemoteSwiftPackageReference section */

/* Begin XCSwiftPackageProductDependency section */
		1A2D44802AFA631C00C190C4 /* FirebaseAnalytics */ = {
			isa = XCSwiftPackageProductDependency;
			package = 1A2D447F2AFA631C00C190C4 /* XCRemoteSwiftPackageReference "firebase-ios-sdk" */;
			productName = FirebaseAnalytics;
		};
		1A2D44822AFA631C00C190C4 /* FirebaseAnalyticsOnDeviceConversion */ = {
			isa = XCSwiftPackageProductDependency;
			package = 1A2D447F2AFA631C00C190C4 /* XCRemoteSwiftPackageReference "firebase-ios-sdk" */;
			productName = FirebaseAnalyticsOnDeviceConversion;
		};
		1A2D44842AFA631C00C190C4 /* FirebaseAnalyticsSwift */ = {
			isa = XCSwiftPackageProductDependency;
			package = 1A2D447F2AFA631C00C190C4 /* XCRemoteSwiftPackageReference "firebase-ios-sdk" */;
			productName = FirebaseAnalyticsSwift;
		};
		1A2D44862AFA631C00C190C4 /* FirebaseAnalyticsWithoutAdIdSupport */ = {
			isa = XCSwiftPackageProductDependency;
			package = 1A2D447F2AFA631C00C190C4 /* XCRemoteSwiftPackageReference "firebase-ios-sdk" */;
			productName = FirebaseAnalyticsWithoutAdIdSupport;
		};
		1A2D44882AFA631C00C190C4 /* FirebaseCrashlytics */ = {
			isa = XCSwiftPackageProductDependency;
			package = 1A2D447F2AFA631C00C190C4 /* XCRemoteSwiftPackageReference "firebase-ios-sdk" */;
			productName = FirebaseCrashlytics;
		};
/* End XCSwiftPackageProductDependency section */
	};
	rootObject = 1A1FDF1F2A09546B00663FA1 /* Project object */;
}
